
Microsoft Visual Studio Solution File, Format Version 12.00
# Visual Studio Version 16
VisualStudioVersion = 16.0.31025.194
MinimumVisualStudioVersion = 10.0.40219.1
Project("{9A19103F-16F7-4668-BE54-9A1E7A4F7556}") = "CoinMarketApi", "CoinMarketApi.csproj", "{3841D708-7D45-44F7-8854-8F5F2C9C6772}"
EndProject
Global
	GlobalSection(SolutionConfigurationPlatforms) = preSolution
		Debug|Any CPU = Debug|Any CPU
		Release|Any CPU = Release|Any CPU
	EndGlobalSection
	GlobalSection(ProjectConfigurationPlatforms) = postSolution
		{3841D708-7D45-44F7-8854-8F5F2C9C6772}.Debug|Any CPU.ActiveCfg = Debug|Any CPU
		{3841D708-7D45-44F7-8854-8F5F2C9C6772}.Debug|Any CPU.Build.0 = Debug|Any CPU
		{3841D708-7D45-44F7-8854-8F5F2C9C6772}.Release|Any CPU.ActiveCfg = Release|Any CPU
		{3841D708-7D45-44F7-8854-8F5F2C9C6772}.Release|Any CPU.Build.0 = Release|Any CPU
	EndGlobalSection
	GlobalSection(SolutionProperties) = preSolution
		HideSolutionNode = FALSE
	EndGlobalSection
	GlobalSection(ExtensibilityGlobals) = postSolution
		SolutionGuid = {DE3C7482-007B-4623-8B91-176473B5A35B}
	EndGlobalSection
EndGlobal
